
Microsoft Visual Studio Solution File, Format Version 12.00
# Visual Studio Version 17
VisualStudioVersion = 17.0.31903.59
MinimumVisualStudioVersion = 10.0.40219.1
Project("{FAE04EC0-301F-11D3-BF4B-00C04F79EFBC}") = "WPF", "WPF\WPF.csproj", "{BE9EB0B3-9028-4301-A76B-B7F4B22B7BAE}"
EndProject
Global
	GlobalSection(SolutionConfigurationPlatforms) = preSolution
		Debug|Any CPU = Debug|Any CPU
		Release|Any CPU = Release|Any CPU
	EndGlobalSection
	GlobalSection(SolutionProperties) = preSolution
		HideSolutionNode = FALSE
	EndGlobalSection
	GlobalSection(ProjectConfigurationPlatforms) = postSolution
		{BE9EB0B3-9028-4301-A76B-B7F4B22B7BAE}.Debug|Any CPU.ActiveCfg = Debug|Any CPU
		{BE9EB0B3-9028-4301-A76B-B7F4B22B7BAE}.Debug|Any CPU.Build.0 = Debug|Any CPU
		{BE9EB0B3-9028-4301-A76B-B7F4B22B7BAE}.Release|Any CPU.ActiveCfg = Release|Any CPU
		{BE9EB0B3-9028-4301-A76B-B7F4B22B7BAE}.Release|Any CPU.Build.0 = Release|Any CPU
	EndGlobalSection
EndGlobal
